
Microsoft Visual Studio Solution File, Format Version 12.00
# Visual Studio 15
VisualStudioVersion = 15.0.28307.902
MinimumVisualStudioVersion = 10.0.40219.1
Project("{00D1A9C2-B5F0-4AF3-8072-F6C62B433612}") = "mssql-algorithms", "mssql-algorithms\mssql-algorithms.sqlproj", "{BB01B2BF-A830-461B-BA98-CC6A10D2059E}"
EndProject
Global
	GlobalSection(SolutionConfigurationPlatforms) = preSolution
		Debug|Any CPU = Debug|Any CPU
		Release|Any CPU = Release|Any CPU
	EndGlobalSection
	GlobalSection(ProjectConfigurationPlatforms) = postSolution
		{BB01B2BF-A830-461B-BA98-CC6A10D2059E}.Debug|Any CPU.ActiveCfg = Debug|Any CPU
		{BB01B2BF-A830-461B-BA98-CC6A10D2059E}.Debug|Any CPU.Build.0 = Debug|Any CPU
		{BB01B2BF-A830-461B-BA98-CC6A10D2059E}.Debug|Any CPU.Deploy.0 = Debug|Any CPU
		{BB01B2BF-A830-461B-BA98-CC6A10D2059E}.Release|Any CPU.ActiveCfg = Release|Any CPU
		{BB01B2BF-A830-461B-BA98-CC6A10D2059E}.Release|Any CPU.Build.0 = Release|Any CPU
		{BB01B2BF-A830-461B-BA98-CC6A10D2059E}.Release|Any CPU.Deploy.0 = Release|Any CPU
	EndGlobalSection
	GlobalSection(SolutionProperties) = preSolution
		HideSolutionNode = FALSE
	EndGlobalSection
	GlobalSection(ExtensibilityGlobals) = postSolution
		SolutionGuid = {CB4253D6-FE1C-41ED-A775-E812DE37F5DE}
	EndGlobalSection
EndGlobal
